<?xml version="1.0" encoding="utf-8"?>
<Project ToolsVersion="4.0" xmlns="http://schemas.microsoft.com/developer/msbuild/2003">
  <ItemGroup>
    <Filter Include="소스 파일">
      <UniqueIdentifier>{4FC737F1-C7A5-4376-A066-2A32D752A2FF}</UniqueIdentifier>
      <Extensions>cpp;c;cc;cxx;def;odl;idl;hpj;bat;asm;asmx</Extensions>
    </Filter>
    <Filter Include="헤더 파일">
      <UniqueIdentifier>{93995380-89BD-4b04-88EB-625FBE52EBFB}</UniqueIdentifier>
      <Extensions>h;hpp;hxx;hm;inl;inc;xsd</Extensions>
    </Filter>
    <Filter Include="리소스 파일">
      <UniqueIdentifier>{67DA6AB6-F800-4c08-8B7A-83BB121AAD01}</UniqueIdentifier>
      <Extensions>rc;ico;cur;bmp;dlg;rc2;rct;bin;rgs;gif;jpg;jpeg;jpe;resx;tiff;tif;png;wav;mfcribbon-ms</Extensions>
    </Filter>
    <Filter Include="소스 파일\손나영">
      <UniqueIdentifier>{d50417cf-42e3-460e-be26-9b586c4957c5}</UniqueIdentifier>
    </Filter>
    <Filter Include="헤더 파일\손나영">
      <UniqueIdentifier>{4af54820-bdf7-45a2-9d82-42810ed0d7be}</UniqueIdentifier>
    </Filter>
  </ItemGroup>
  <ItemGroup>
    <ClCompile Include="손나영\TestEventHG.cpp">
      <Filter>소스 파일\손나영</Filter>
    </ClCompile>
    <ClCompile Include="손나영\TestCriticalSection.cpp">
      <Filter>소스 파일\손나영</Filter>
    </ClCompile>
    <ClCompile Include="손나영\TestFunction.cpp">
      <Filter>소스 파일\손나영</Filter>
    </ClCompile>
    <ClCompile Include="손나영\TestFunctionPPT.cpp">
      <Filter>소스 파일\손나영</Filter>
    </ClCompile>
    <ClCompile Include="손나영\TestModule.cpp">
      <Filter>소스 파일\손나영</Filter>
    </ClCompile>
    <ClCompile Include="손나영\TestProcessF.cpp">
      <Filter>소스 파일\손나영</Filter>
    </ClCompile>
    <ClCompile Include="손나영\TestProcessor.cpp">
      <Filter>소스 파일\손나영</Filter>
    </ClCompile>
    <ClCompile Include="손나영\TestRegistry.cpp">
      <Filter>소스 파일\손나영</Filter>
    </ClCompile>
    <ClCompile Include="손나영\TestMetafile.cpp">
      <Filter>소스 파일\손나영</Filter>
    </ClCompile>
    <ClCompile Include="손나영\TestMemory.cpp">
      <Filter>소스 파일\손나영</Filter>
    </ClCompile>
    <ClCompile Include="MakeButton.cpp">
      <Filter>소스 파일</Filter>
    </ClCompile>
    <ClCompile Include="MergedWinMain.cpp">
      <Filter>소스 파일</Filter>
    </ClCompile>
    <ClCompile Include="MyUtil.cpp">
      <Filter>소스 파일</Filter>
    </ClCompile>
    <ClCompile Include="OSQA.cpp">
      <Filter>소스 파일</Filter>
    </ClCompile>
    <ClCompile Include="Paging.cpp">
      <Filter>소스 파일</Filter>
    </ClCompile>
    <ClCompile Include="손나영\TestConsole.cpp">
      <Filter>소스 파일\손나영</Filter>
    </ClCompile>
  </ItemGroup>
  <ItemGroup>
    <ClInclude Include="손나영\TestEventHG.h">
      <Filter>헤더 파일\손나영</Filter>
    </ClInclude>
    <ClInclude Include="OSQA.h">
      <Filter>헤더 파일</Filter>
    </ClInclude>
    <ClInclude Include="MyUtil.h">
      <Filter>헤더 파일</Filter>
    </ClInclude>
    <ClInclude Include="손나영\TestCriticalSection.h">
      <Filter>헤더 파일\손나영</Filter>
    </ClInclude>
    <ClInclude Include="손나영\TestFunction.h">
      <Filter>헤더 파일\손나영</Filter>
    </ClInclude>
    <ClInclude Include="손나영\TestFunctionPPT.h">
      <Filter>헤더 파일\손나영</Filter>
    </ClInclude>
    <ClInclude Include="손나영\TestModule.h">
      <Filter>헤더 파일\손나영</Filter>
    </ClInclude>
    <ClInclude Include="손나영\TestProcessF.h">
      <Filter>헤더 파일\손나영</Filter>
    </ClInclude>
    <ClInclude Include="손나영\TestProcessor.h">
      <Filter>헤더 파일\손나영</Filter>
    </ClInclude>
    <ClInclude Include="손나영\TestRegistry.h">
      <Filter>헤더 파일\손나영</Filter>
    </ClInclude>
    <ClInclude Include="Paging.h">
      <Filter>헤더 파일</Filter>
    </ClInclude>
    <ClInclude Include="MakeButton.h">
      <Filter>헤더 파일</Filter>
    </ClInclude>
    <ClInclude Include="MergedWinMain.h">
      <Filter>헤더 파일</Filter>
    </ClInclude>
    <ClInclude Include="손나영\TestMetafile.h">
      <Filter>헤더 파일\손나영</Filter>
    </ClInclude>
    <ClInclude Include="OS1HeaderList.h">
      <Filter>헤더 파일</Filter>
    </ClInclude>
    <ClInclude Include="손나영\TestMemory.h">
      <Filter>헤더 파일\손나영</Filter>
    </ClInclude>
    <ClInclude Include="손나영\TestConsole.h">
      <Filter>헤더 파일\손나영</Filter>
    </ClInclude>
  </ItemGroup>
  <ItemGroup>
    <Text Include="Text.txt" />
  </ItemGroup>
</Project>