
Microsoft Visual Studio Solution File, Format Version 12.00
# Visual Studio 2012
Project("{8BC9CEB8-8B4A-11D0-8D11-00A0C91BC942}") = "API_OS1nayoung_2", "API_OS1nayoung_2\API_OS1nayoung_2.vcxproj", "{54856504-C944-4273-9A16-51CCE0118E73}"
EndProject
Global
	GlobalSection(SolutionConfigurationPlatforms) = preSolution
		Debug|Win32 = Debug|Win32
		Release|Win32 = Release|Win32
	EndGlobalSection
	GlobalSection(ProjectConfigurationPlatforms) = postSolution
		{54856504-C944-4273-9A16-51CCE0118E73}.Debug|Win32.ActiveCfg = Debug|Win32
		{54856504-C944-4273-9A16-51CCE0118E73}.Debug|Win32.Build.0 = Debug|Win32
		{54856504-C944-4273-9A16-51CCE0118E73}.Release|Win32.ActiveCfg = Release|Win32
		{54856504-C944-4273-9A16-51CCE0118E73}.Release|Win32.Build.0 = Release|Win32
	EndGlobalSection
	GlobalSection(SolutionProperties) = preSolution
		HideSolutionNode = FALSE
	EndGlobalSection
EndGlobal
